
Microsoft Visual Studio Solution File, Format Version 12.00
# Visual Studio Version 16
VisualStudioVersion = 16.0.31424.327
MinimumVisualStudioVersion = 10.0.40219.1
Project("{FAE04EC0-301F-11D3-BF4B-00C04F79EFBC}") = "IndianStatesCensusAnalyser", "IndianStatesCensusAnalyser.csproj", "{7CEB93FF-5EC9-4A68-8961-A5F785D62599}"
EndProject
Global
	GlobalSection(SolutionConfigurationPlatforms) = preSolution
		Debug|Any CPU = Debug|Any CPU
		Release|Any CPU = Release|Any CPU
	EndGlobalSection
	GlobalSection(ProjectConfigurationPlatforms) = postSolution
		{7CEB93FF-5EC9-4A68-8961-A5F785D62599}.Debug|Any CPU.ActiveCfg = Debug|Any CPU
		{7CEB93FF-5EC9-4A68-8961-A5F785D62599}.Debug|Any CPU.Build.0 = Debug|Any CPU
		{7CEB93FF-5EC9-4A68-8961-A5F785D62599}.Release|Any CPU.ActiveCfg = Release|Any CPU
		{7CEB93FF-5EC9-4A68-8961-A5F785D62599}.Release|Any CPU.Build.0 = Release|Any CPU
	EndGlobalSection
	GlobalSection(SolutionProperties) = preSolution
		HideSolutionNode = FALSE
	EndGlobalSection
	GlobalSection(ExtensibilityGlobals) = postSolution
		SolutionGuid = {0A2FBEE3-AE7F-40A2-938D-8B2CF1AD1B70}
	EndGlobalSection
EndGlobal
